
Microsoft Visual Studio Solution File, Format Version 12.00
# Visual Studio Version 17
VisualStudioVersion = 17.8.34330.188
MinimumVisualStudioVersion = 10.0.40219.1
Project("{2150E333-8FDC-42A3-9474-1A3956D46DE8}") = "src", "src", "{85AE62F5-7726-4E8C-9455-AA53EC2824B5}"
EndProject
Project("{2150E333-8FDC-42A3-9474-1A3956D46DE8}") = "test", "test", "{519516AB-920E-4AE7-8C0F-16480F48FE3E}"
EndProject
Project("{2150E333-8FDC-42A3-9474-1A3956D46DE8}") = "modules", "modules", "{16E748B3-5896-4A0F-B9F4-CD9B7688783E}"
EndProject
Project("{2150E333-8FDC-42A3-9474-1A3956D46DE8}") = "presentation", "presentation", "{E475C0BE-916E-40BF-9B3E-C11D2A414544}"
EndProject
Project("{9A19103F-16F7-4668-BE54-9A1E7A4F7556}") = "Calculator.WebApp", "src\presentation\Calculator.WebApp\Calculator.WebApp.csproj", "{13BEC850-B302-482A-8072-985579DCA2B1}"
EndProject
Project("{9A19103F-16F7-4668-BE54-9A1E7A4F7556}") = "Calculator.WebApp.Test", "test\Calculator.WebApp.Test\Calculator.WebApp.Test.csproj", "{E7488FFD-82C6-4B8A-9AB9-5CBB51DCB393}"
EndProject
Project("{9A19103F-16F7-4668-BE54-9A1E7A4F7556}") = "Addition.Module", "src\modules\addition-module\Addition.Module\Addition.Module.csproj", "{F808D74F-E5F1-4D3A-9C7F-E554C53678CE}"
EndProject
Global
	GlobalSection(SolutionConfigurationPlatforms) = preSolution
		Debug|Any CPU = Debug|Any CPU
		Release|Any CPU = Release|Any CPU
	EndGlobalSection
	GlobalSection(ProjectConfigurationPlatforms) = postSolution
		{13BEC850-B302-482A-8072-985579DCA2B1}.Debug|Any CPU.ActiveCfg = Debug|Any CPU
		{13BEC850-B302-482A-8072-985579DCA2B1}.Debug|Any CPU.Build.0 = Debug|Any CPU
		{13BEC850-B302-482A-8072-985579DCA2B1}.Release|Any CPU.ActiveCfg = Release|Any CPU
		{13BEC850-B302-482A-8072-985579DCA2B1}.Release|Any CPU.Build.0 = Release|Any CPU
		{E7488FFD-82C6-4B8A-9AB9-5CBB51DCB393}.Debug|Any CPU.ActiveCfg = Debug|Any CPU
		{E7488FFD-82C6-4B8A-9AB9-5CBB51DCB393}.Debug|Any CPU.Build.0 = Debug|Any CPU
		{E7488FFD-82C6-4B8A-9AB9-5CBB51DCB393}.Release|Any CPU.ActiveCfg = Release|Any CPU
		{E7488FFD-82C6-4B8A-9AB9-5CBB51DCB393}.Release|Any CPU.Build.0 = Release|Any CPU
		{F808D74F-E5F1-4D3A-9C7F-E554C53678CE}.Debug|Any CPU.ActiveCfg = Debug|Any CPU
		{F808D74F-E5F1-4D3A-9C7F-E554C53678CE}.Debug|Any CPU.Build.0 = Debug|Any CPU
		{F808D74F-E5F1-4D3A-9C7F-E554C53678CE}.Release|Any CPU.ActiveCfg = Release|Any CPU
		{F808D74F-E5F1-4D3A-9C7F-E554C53678CE}.Release|Any CPU.Build.0 = Release|Any CPU
	EndGlobalSection
	GlobalSection(SolutionProperties) = preSolution
		HideSolutionNode = FALSE
	EndGlobalSection
	GlobalSection(NestedProjects) = preSolution
		{16E748B3-5896-4A0F-B9F4-CD9B7688783E} = {85AE62F5-7726-4E8C-9455-AA53EC2824B5}
		{E475C0BE-916E-40BF-9B3E-C11D2A414544} = {85AE62F5-7726-4E8C-9455-AA53EC2824B5}
		{13BEC850-B302-482A-8072-985579DCA2B1} = {E475C0BE-916E-40BF-9B3E-C11D2A414544}
		{E7488FFD-82C6-4B8A-9AB9-5CBB51DCB393} = {519516AB-920E-4AE7-8C0F-16480F48FE3E}
		{F808D74F-E5F1-4D3A-9C7F-E554C53678CE} = {16E748B3-5896-4A0F-B9F4-CD9B7688783E}
	EndGlobalSection
	GlobalSection(ExtensibilityGlobals) = postSolution
		SolutionGuid = {9B18E45A-5685-4D85-89A6-BC7AD018C3BA}
	EndGlobalSection
EndGlobal
